{
  "name": "renative",
  "lockfileVersion": 3,
  "requires": true,
  "packages": {
    "": {
      "dependencies": {
        "@rnv/template-starter": "0.36.1"
      }
    },
    "node_modules/@rnv/template-starter": {
      "version": "0.36.1",
      "resolved": "https://registry.npmjs.org/@rnv/template-starter/-/template-starter-0.36.1.tgz",
      "integrity": "sha512-LifA7aYxAZAUrCX8e7A2wBimOhNyHDpQUEaS4ksUeeAK06Vy+dowp9f0/8/zRwPm2qJeIfZ5YW1Pw2DrZJMVjQ==",
      "license": "MIT",
      "optionalDependencies": {
        "ios-deploy": "1.11.4"
      }
    },
    "node_modules/ios-deploy": {
      "version": "1.11.4",
      "resolved": "https://registry.npmjs.org/ios-deploy/-/ios-deploy-1.11.4.tgz",
      "integrity": "sha512-NZ96/s7klyWySKTI8rTU+vXEIxIMrv6K+7j5VMcqUVShaAUdDX+Ov4nVdSStYOAGFVpl8q56SpAwjEDIvBrswQ==",
      "hasInstallScript": true,
      "license": "GPLv3",
      "optional": true,
      "os": [
        "darwin"
      ],
      "bin": {
        "ios-deploy": "build/Release/ios-deploy"
      }
    }
  }
}
